
Microsoft Visual Studio Solution File, Format Version 12.00
# Visual Studio Version 16
VisualStudioVersion = 16.0.31112.23
MinimumVisualStudioVersion = 10.0.40219.1
Project("{FAE04EC0-301F-11D3-BF4B-00C04F79EFBC}") = "Exercices de revision WCS 2", "Exercices de revision WCS 2.csproj", "{9CF4C6C1-55B1-4A06-A4A3-5D95895E885A}"
EndProject
Global
	GlobalSection(SolutionConfigurationPlatforms) = preSolution
		Debug|Any CPU = Debug|Any CPU
		Release|Any CPU = Release|Any CPU
	EndGlobalSection
	GlobalSection(ProjectConfigurationPlatforms) = postSolution
		{9CF4C6C1-55B1-4A06-A4A3-5D95895E885A}.Debug|Any CPU.ActiveCfg = Debug|Any CPU
		{9CF4C6C1-55B1-4A06-A4A3-5D95895E885A}.Debug|Any CPU.Build.0 = Debug|Any CPU
		{9CF4C6C1-55B1-4A06-A4A3-5D95895E885A}.Release|Any CPU.ActiveCfg = Release|Any CPU
		{9CF4C6C1-55B1-4A06-A4A3-5D95895E885A}.Release|Any CPU.Build.0 = Release|Any CPU
	EndGlobalSection
	GlobalSection(SolutionProperties) = preSolution
		HideSolutionNode = FALSE
	EndGlobalSection
	GlobalSection(ExtensibilityGlobals) = postSolution
		SolutionGuid = {0F83FB9F-C494-4B58-AC14-3F8D5CB5B2B8}
	EndGlobalSection
EndGlobal
